
Microsoft Visual Studio Solution File, Format Version 12.00
# Visual Studio Version 16
VisualStudioVersion = 16.0.31321.278
MinimumVisualStudioVersion = 10.0.40219.1
Project("{FAE04EC0-301F-11D3-BF4B-00C04F79EFBC}") = "HumanResources", "HumanResources.csproj", "{00ACDFF7-F80E-4BBD-83B9-B4DE559CD6B1}"
EndProject
Global
	GlobalSection(SolutionConfigurationPlatforms) = preSolution
		Debug|Any CPU = Debug|Any CPU
		Release|Any CPU = Release|Any CPU
	EndGlobalSection
	GlobalSection(ProjectConfigurationPlatforms) = postSolution
		{00ACDFF7-F80E-4BBD-83B9-B4DE559CD6B1}.Debug|Any CPU.ActiveCfg = Debug|Any CPU
		{00ACDFF7-F80E-4BBD-83B9-B4DE559CD6B1}.Debug|Any CPU.Build.0 = Debug|Any CPU
		{00ACDFF7-F80E-4BBD-83B9-B4DE559CD6B1}.Release|Any CPU.ActiveCfg = Release|Any CPU
		{00ACDFF7-F80E-4BBD-83B9-B4DE559CD6B1}.Release|Any CPU.Build.0 = Release|Any CPU
	EndGlobalSection
	GlobalSection(SolutionProperties) = preSolution
		HideSolutionNode = FALSE
	EndGlobalSection
	GlobalSection(ExtensibilityGlobals) = postSolution
		SolutionGuid = {78F8A4B3-70E0-49AE-A92B-CD22E4A1F0AD}
	EndGlobalSection
EndGlobal
